
Microsoft Visual Studio Solution File, Format Version 12.00
# Visual Studio 2012
Project("{FAE04EC0-301F-11D3-BF4B-00C04F79EFBC}") = "n8964955-GarageWS", "n8964955-GarageWS\n8964955-GarageWS.csproj", "{3F5219A2-4562-4792-88D3-F89E3BFD02C8}"
EndProject
Global
	GlobalSection(SolutionConfigurationPlatforms) = preSolution
		Debug|Any CPU = Debug|Any CPU
		Release|Any CPU = Release|Any CPU
	EndGlobalSection
	GlobalSection(ProjectConfigurationPlatforms) = postSolution
		{3F5219A2-4562-4792-88D3-F89E3BFD02C8}.Debug|Any CPU.ActiveCfg = Debug|Any CPU
		{3F5219A2-4562-4792-88D3-F89E3BFD02C8}.Debug|Any CPU.Build.0 = Debug|Any CPU
		{3F5219A2-4562-4792-88D3-F89E3BFD02C8}.Release|Any CPU.ActiveCfg = Release|Any CPU
		{3F5219A2-4562-4792-88D3-F89E3BFD02C8}.Release|Any CPU.Build.0 = Release|Any CPU
	EndGlobalSection
	GlobalSection(SolutionProperties) = preSolution
		HideSolutionNode = FALSE
	EndGlobalSection
EndGlobal
